
Microsoft Visual Studio Solution File, Format Version 12.00
# Visual Studio Version 17
VisualStudioVersion = 17.2.32630.192
MinimumVisualStudioVersion = 10.0.40219.1
Project("{FAE04EC0-301F-11D3-BF4B-00C04F79EFBC}") = "battleship-oop-csharp", "battleship-oop-csharp\battleship-oop-csharp.csproj", "{99D42D81-7BE2-4CC7-8306-76F4B7B2B40F}"
EndProject
Global
	GlobalSection(SolutionConfigurationPlatforms) = preSolution
		Debug|Any CPU = Debug|Any CPU
		Release|Any CPU = Release|Any CPU
	EndGlobalSection
	GlobalSection(ProjectConfigurationPlatforms) = postSolution
		{99D42D81-7BE2-4CC7-8306-76F4B7B2B40F}.Debug|Any CPU.ActiveCfg = Debug|Any CPU
		{99D42D81-7BE2-4CC7-8306-76F4B7B2B40F}.Debug|Any CPU.Build.0 = Debug|Any CPU
		{99D42D81-7BE2-4CC7-8306-76F4B7B2B40F}.Release|Any CPU.ActiveCfg = Release|Any CPU
		{99D42D81-7BE2-4CC7-8306-76F4B7B2B40F}.Release|Any CPU.Build.0 = Release|Any CPU
	EndGlobalSection
	GlobalSection(SolutionProperties) = preSolution
		HideSolutionNode = FALSE
	EndGlobalSection
	GlobalSection(ExtensibilityGlobals) = postSolution
		SolutionGuid = {0953BA25-5123-411B-ADB8-FFD6C9C2B638}
	EndGlobalSection
EndGlobal
